
Microsoft Visual Studio Solution File, Format Version 12.00
# Visual Studio Version 17
VisualStudioVersion = 17.4.33213.308
MinimumVisualStudioVersion = 10.0.40219.1
Project("{FAE04EC0-301F-11D3-BF4B-00C04F79EFBC}") = "PatronCadena", "PatronCadena.csproj", "{621298B0-3B3C-4EF4-AA82-FC4F42248977}"
EndProject
Global
	GlobalSection(SolutionConfigurationPlatforms) = preSolution
		Debug|Any CPU = Debug|Any CPU
		Release|Any CPU = Release|Any CPU
	EndGlobalSection
	GlobalSection(ProjectConfigurationPlatforms) = postSolution
		{621298B0-3B3C-4EF4-AA82-FC4F42248977}.Debug|Any CPU.ActiveCfg = Debug|Any CPU
		{621298B0-3B3C-4EF4-AA82-FC4F42248977}.Debug|Any CPU.Build.0 = Debug|Any CPU
		{621298B0-3B3C-4EF4-AA82-FC4F42248977}.Release|Any CPU.ActiveCfg = Release|Any CPU
		{621298B0-3B3C-4EF4-AA82-FC4F42248977}.Release|Any CPU.Build.0 = Release|Any CPU
	EndGlobalSection
	GlobalSection(SolutionProperties) = preSolution
		HideSolutionNode = FALSE
	EndGlobalSection
	GlobalSection(ExtensibilityGlobals) = postSolution
		SolutionGuid = {7955BE18-D97A-4DD1-83FB-A3D3297D640F}
	EndGlobalSection
EndGlobal
